<?xml version="1.0" encoding="utf-8"?>
<Project ToolsVersion="4.0" xmlns="http://schemas.microsoft.com/developer/msbuild/2003">
  <ItemGroup>
    <Filter Include="src">
      <UniqueIdentifier>{fba0633a-c15d-4fee-8019-ecc9793a89b8}</UniqueIdentifier>
    </Filter>
    <Filter Include="hdr">
      <UniqueIdentifier>{46dbe9a4-880c-4f9a-8bc7-e8c8b95aca52}</UniqueIdentifier>
    </Filter>
  </ItemGroup>
  <ItemGroup>
    <ClCompile Include="src\basic_sdl.cpp">
      <Filter>src</Filter>
    </ClCompile>
    <ClCompile Include="src\event.cpp">
      <Filter>src</Filter>
    </ClCompile>
    <ClCompile Include="src\gui.cpp">
      <Filter>src</Filter>
    </ClCompile>
    <ClCompile Include="src\main.cpp">
      <Filter>src</Filter>
    </ClCompile>
  </ItemGroup>
  <ItemGroup>
    <ClInclude Include="src\hdr\basic_sdl.h">
      <Filter>hdr</Filter>
    </ClInclude>
    <ClInclude Include="src\hdr\define.h">
      <Filter>hdr</Filter>
    </ClInclude>
    <ClInclude Include="src\hdr\event.h">
      <Filter>hdr</Filter>
    </ClInclude>
    <ClInclude Include="src\hdr\gui.h">
      <Filter>hdr</Filter>
    </ClInclude>
  </ItemGroup>
</Project>